{
  "name": "app",
  "lockfileVersion": 3,
  "requires": true,
  "packages": {
    "": {
      "dependencies": {
        "angular": "^1.7.6",
        "angular-animate": "^1.6.7",
        "angular-cookies": "^1.6.7",
        "angular-jsoneditor": "^0.0.2",
        "angular-resource": "^1.6.7",
        "angular-route": "^1.6.7",
        "angular-ui-grid": "^4.12.7"
      }
    },
    "node_modules/angular": {
      "version": "1.8.3",
      "resolved": "https://registry.npmjs.org/angular/-/angular-1.8.3.tgz",
      "integrity": "sha512-5qjkWIQQVsHj4Sb5TcEs4WZWpFeVFHXwxEBHUhrny41D8UrBAd6T/6nPPAsLngJCReIOqi95W3mxdveveutpZw==",
      "deprecated": "For the actively supported Angular, see https://www.npmjs.com/package/@angular/core. AngularJS support has officially ended. For extended AngularJS support options, see https://goo.gle/angularjs-path-forward.",
      "license": "MIT"
    },
    "node_modules/angular-animate": {
      "version": "1.6.7",
      "license": "MIT"
    },
    "node_modules/angular-cookies": {
      "version": "1.6.7",
      "license": "MIT"
    },
    "node_modules/angular-jsoneditor": {
      "version": "0.0.2",
      "license": "MIT",
      "dependencies": {
        "angular": "^1.6.1"
      }
    },
    "node_modules/angular-resource": {
      "version": "1.6.7",
      "license": "MIT"
    },
    "node_modules/angular-route": {
      "version": "1.6.7",
      "license": "MIT"
    },
    "node_modules/angular-ui-grid": {
      "version": "4.12.7",
      "resolved": "https://registry.npmjs.org/angular-ui-grid/-/angular-ui-grid-4.12.7.tgz",
      "integrity": "sha512-l00dhM2/48xfnPcIaQZgxVoK4oAVA2erxHjjYke8Xli0Q06VYf/LJ41SQfNp3tGk7NCk2mBdSFD2GXfHakXHlA==",
      "license": "MIT",
      "dependencies": {
        "angular": ">=1.4.0"
      }
    }
  }
}
